
Microsoft Visual Studio Solution File, Format Version 12.00
# Visual Studio Version 16
VisualStudioVersion = 25.0.1706.7
MinimumVisualStudioVersion = 10.0.40219.1
Project("{FAE04EC0-301F-11D3-BF4B-00C04F79EFBC}") = "Phoneword.iOS", "Phoneword.iOS.csproj", "{252CC994-7110-4035-80D0-F1D8C767FA4D}"
EndProject
Global
	GlobalSection(SolutionConfigurationPlatforms) = preSolution
		Debug|iPhoneSimulator = Debug|iPhoneSimulator
		Release|iPhoneSimulator = Release|iPhoneSimulator
		Debug|iPhone = Debug|iPhone
		Release|iPhone = Release|iPhone
	EndGlobalSection
	GlobalSection(ProjectConfigurationPlatforms) = postSolution
		{252CC994-7110-4035-80D0-F1D8C767FA4D}.Debug|iPhoneSimulator.ActiveCfg = Debug|iPhoneSimulator
		{252CC994-7110-4035-80D0-F1D8C767FA4D}.Debug|iPhoneSimulator.Build.0 = Debug|iPhoneSimulator
		{252CC994-7110-4035-80D0-F1D8C767FA4D}.Release|iPhoneSimulator.ActiveCfg = Release|iPhoneSimulator
		{252CC994-7110-4035-80D0-F1D8C767FA4D}.Release|iPhoneSimulator.Build.0 = Release|iPhoneSimulator
		{252CC994-7110-4035-80D0-F1D8C767FA4D}.Debug|iPhone.ActiveCfg = Debug|iPhone
		{252CC994-7110-4035-80D0-F1D8C767FA4D}.Debug|iPhone.Build.0 = Debug|iPhone
		{252CC994-7110-4035-80D0-F1D8C767FA4D}.Release|iPhone.ActiveCfg = Release|iPhone
		{252CC994-7110-4035-80D0-F1D8C767FA4D}.Release|iPhone.Build.0 = Release|iPhone
	EndGlobalSection
	GlobalSection(SolutionProperties) = preSolution
		HideSolutionNode = FALSE
	EndGlobalSection
	GlobalSection(ExtensibilityGlobals) = postSolution
		SolutionGuid = {ADCE8701-ABE8-49F9-99AF-A8A32576D940}
	EndGlobalSection
EndGlobal
